
Microsoft Visual Studio Solution File, Format Version 12.00
# Visual Studio Version 17
VisualStudioVersion = 17.9.34714.143
MinimumVisualStudioVersion = 10.0.40219.1
Project("{9A19103F-16F7-4668-BE54-9A1E7A4F7556}") = "Projeto1", "Projeto1\Projeto1.csproj", "{E6909625-6393-4855-9DED-431FED8FC24E}"
EndProject
Global
	GlobalSection(SolutionConfigurationPlatforms) = preSolution
		Debug|Any CPU = Debug|Any CPU
		Release|Any CPU = Release|Any CPU
	EndGlobalSection
	GlobalSection(ProjectConfigurationPlatforms) = postSolution
		{E6909625-6393-4855-9DED-431FED8FC24E}.Debug|Any CPU.ActiveCfg = Debug|Any CPU
		{E6909625-6393-4855-9DED-431FED8FC24E}.Debug|Any CPU.Build.0 = Debug|Any CPU
		{E6909625-6393-4855-9DED-431FED8FC24E}.Release|Any CPU.ActiveCfg = Release|Any CPU
		{E6909625-6393-4855-9DED-431FED8FC24E}.Release|Any CPU.Build.0 = Release|Any CPU
	EndGlobalSection
	GlobalSection(SolutionProperties) = preSolution
		HideSolutionNode = FALSE
	EndGlobalSection
	GlobalSection(ExtensibilityGlobals) = postSolution
		SolutionGuid = {A578F547-9C74-4771-906B-150F03DF21A1}
	EndGlobalSection
EndGlobal
